// !$*UTF8*$!
{
	archiveVersion = 1;
	classes = {
	};
	objectVersion = 46;
	objects = {

/* Begin PBXBuildFile section */
		EFEE9827D01A9E667B1E9044 /* Pods_PokeFinder.framework in Frameworks */ = {isa = PBXBuildFile; fileRef = 06391BA7163D1CF3712BE2B4 /* Pods_PokeFinder.framework */; };
		F1635AFB1F2860650051CD8C /* AppDelegate.swift in Sources */ = {isa = PBXBuildFile; fileRef = F1635AFA1F2860650051CD8C /* AppDelegate.swift */; };
		F1635AFD1F2860650051CD8C /* ViewController.swift in Sources */ = {isa = PBXBuildFile; fileRef = F1635AFC1F2860650051CD8C /* ViewController.swift */; };
		F1635B001F2860650051CD8C /* Main.storyboard in Resources */ = {isa = PBXBuildFile; fileRef = F1635AFE1F2860650051CD8C /* Main.storyboard */; };
		F1635B021F2860650051CD8C /* Assets.xcassets in Resources */ = {isa = PBXBuildFile; fileRef = F1635B011F2860650051CD8C /* Assets.xcassets */; };
		F1635B051F2860650051CD8C /* LaunchScreen.storyboard in Resources */ = {isa = PBXBuildFile; fileRef = F1635B031F2860650051CD8C /* LaunchScreen.storyboard */; };
		F1635B0D1F28607C0051CD8C /* GoogleService-Info.plist in Resources */ = {isa = PBXBuildFile; fileRef = F1635B0C1F28607C0051CD8C /* GoogleService-Info.plist */; };
		F1DD3BB31F2867A5000114A4 /* GeoFire.m in Sources */ = {isa = PBXBuildFile; fileRef = F1DD3BAA1F2867A5000114A4 /* GeoFire.m */; };
		F1DD3BB41F2867A5000114A4 /* GFBase32Utils.m in Sources */ = {isa = PBXBuildFile; fileRef = F1DD3BAC1F2867A5000114A4 /* GFBase32Utils.m */; };
		F1DD3BB51F2867A5000114A4 /* GFGeoHash.m in Sources */ = {isa = PBXBuildFile; fileRef = F1DD3BAE1F2867A5000114A4 /* GFGeoHash.m */; };
		F1DD3BB61F2867A5000114A4 /* GFGeoHashQuery.m in Sources */ = {isa = PBXBuildFile; fileRef = F1DD3BB01F2867A5000114A4 /* GFGeoHashQuery.m */; };
		F1DD3BB71F2867A5000114A4 /* GFQuery.m in Sources */ = {isa = PBXBuildFile; fileRef = F1DD3BB21F2867A5000114A4 /* GFQuery.m */; };
/* End PBXBuildFile section */

/* Begin PBXFileReference section */
		06391BA7163D1CF3712BE2B4 /* Pods_PokeFinder.framework */ = {isa = PBXFileReference; explicitFileType = wrapper.framework; includeInIndex = 0; path = Pods_PokeFinder.framework; sourceTree = BUILT_PRODUCTS_DIR; };
		382CE9C0516CFDAE1D2CD3B7 /* Pods-PokeFinder.debug.xcconfig */ = {isa = PBXFileReference; includeInIndex = 1; lastKnownFileType = text.xcconfig; name = "Pods-PokeFinder.debug.xcconfig"; path = "Pods/Target Support Files/Pods-PokeFinder/Pods-PokeFinder.debug.xcconfig"; sourceTree = "<group>"; };
		A3BF45A4025B301B78967435 /* Pods-PokeFinder.release.xcconfig */ = {isa = PBXFileReference; includeInIndex = 1; lastKnownFileType = text.xcconfig; name = "Pods-PokeFinder.release.xcconfig"; path = "Pods/Target Support Files/Pods-PokeFinder/Pods-PokeFinder.release.xcconfig"; sourceTree = "<group>"; };
		F1635AF71F2860650051CD8C /* PokeFinder.app */ = {isa = PBXFileReference; explicitFileType = wrapper.application; includeInIndex = 0; path = PokeFinder.app; sourceTree = BUILT_PRODUCTS_DIR; };
		F1635AFA1F2860650051CD8C /* AppDelegate.swift */ = {isa = PBXFileReference; lastKnownFileType = sourcecode.swift; path = AppDelegate.swift; sourceTree = "<group>"; };
		F1635AFC1F2860650051CD8C /* ViewController.swift */ = {isa = PBXFileReference; lastKnownFileType = sourcecode.swift; path = ViewController.swift; sourceTree = "<group>"; };
		F1635AFF1F2860650051CD8C /* Base */ = {isa = PBXFileReference; lastKnownFileType = file.storyboard; name = Base; path = Base.lproj/Main.storyboard; sourceTree = "<group>"; };
		F1635B011F2860650051CD8C /* Assets.xcassets */ = {isa = PBXFileReference; lastKnownFileType = folder.assetcatalog; path = Assets.xcassets; sourceTree = "<group>"; };
		F1635B041F2860650051CD8C /* Base */ = {isa = PBXFileReference; lastKnownFileType = file.storyboard; name = Base; path = Base.lproj/LaunchScreen.storyboard; sourceTree = "<group>"; };
		F1635B061F2860650051CD8C /* Info.plist */ = {isa = PBXFileReference; lastKnownFileType = text.plist.xml; path = Info.plist; sourceTree = "<group>"; };
		F1635B0C1F28607C0051CD8C /* GoogleService-Info.plist */ = {isa = PBXFileReference; fileEncoding = 4; lastKnownFileType = text.plist.xml; path = "GoogleService-Info.plist"; sourceTree = "<group>"; };
		F1DD3BA31F2867A5000114A4 /* GeoFire.h */ = {isa = PBXFileReference; fileEncoding = 4; lastKnownFileType = sourcecode.c.h; path = GeoFire.h; sourceTree = "<group>"; };
		F1DD3BA41F2867A5000114A4 /* GFCircleQuery.h */ = {isa = PBXFileReference; fileEncoding = 4; lastKnownFileType = sourcecode.c.h; path = GFCircleQuery.h; sourceTree = "<group>"; };
		F1DD3BA51F2867A5000114A4 /* GFQuery.h */ = {isa = PBXFileReference; fileEncoding = 4; lastKnownFileType = sourcecode.c.h; path = GFQuery.h; sourceTree = "<group>"; };
		F1DD3BA61F2867A5000114A4 /* GFRegionQuery.h */ = {isa = PBXFileReference; fileEncoding = 4; lastKnownFileType = sourcecode.c.h; path = GFRegionQuery.h; sourceTree = "<group>"; };
		F1DD3BA71F2867A5000114A4 /* GeoFire-Prefix.pch */ = {isa = PBXFileReference; fileEncoding = 4; lastKnownFileType = sourcecode.c.h; path = "GeoFire-Prefix.pch"; sourceTree = "<group>"; };
		F1DD3BA91F2867A5000114A4 /* GeoFire+Private.h */ = {isa = PBXFileReference; fileEncoding = 4; lastKnownFileType = sourcecode.c.h; path = "GeoFire+Private.h"; sourceTree = "<group>"; };
		F1DD3BAA1F2867A5000114A4 /* GeoFire.m */ = {isa = PBXFileReference; fileEncoding = 4; lastKnownFileType = sourcecode.c.objc; path = GeoFire.m; sourceTree = "<group>"; };
		F1DD3BAB1F2867A5000114A4 /* GFBase32Utils.h */ = {isa = PBXFileReference; fileEncoding = 4; lastKnownFileType = sourcecode.c.h; path = GFBase32Utils.h; sourceTree = "<group>"; };
		F1DD3BAC1F2867A5000114A4 /* GFBase32Utils.m */ = {isa = PBXFileReference; fileEncoding = 4; lastKnownFileType = sourcecode.c.objc; path = GFBase32Utils.m; sourceTree = "<group>"; };
		F1DD3BAD1F2867A5000114A4 /* GFGeoHash.h */ = {isa = PBXFileReference; fileEncoding = 4; lastKnownFileType = sourcecode.c.h; path = GFGeoHash.h; sourceTree = "<group>"; };
		F1DD3BAE1F2867A5000114A4 /* GFGeoHash.m */ = {isa = PBXFileReference; fileEncoding = 4; lastKnownFileType = sourcecode.c.objc; path = GFGeoHash.m; sourceTree = "<group>"; };
		F1DD3BAF1F2867A5000114A4 /* GFGeoHashQuery.h */ = {isa = PBXFileReference; fileEncoding = 4; lastKnownFileType = sourcecode.c.h; path = GFGeoHashQuery.h; sourceTree = "<group>"; };
		F1DD3BB01F2867A5000114A4 /* GFGeoHashQuery.m */ = {isa = PBXFileReference; fileEncoding = 4; lastKnownFileType = sourcecode.c.objc; path = GFGeoHashQuery.m; sourceTree = "<group>"; };
		F1DD3BB11F2867A5000114A4 /* GFQuery+Private.h */ = {isa = PBXFileReference; fileEncoding = 4; lastKnownFileType = sourcecode.c.h; path = "GFQuery+Private.h"; sourceTree = "<group>"; };
		F1DD3BB21F2867A5000114A4 /* GFQuery.m */ = {isa = PBXFileReference; fileEncoding = 4; lastKnownFileType = sourcecode.c.objc; path = GFQuery.m; sourceTree = "<group>"; };
		F1DD3BBA1F286B1F000114A4 /* PokeFinder-Bridging-Header.h */ = {isa = PBXFileReference; fileEncoding = 4; lastKnownFileType = sourcecode.c.h; path = "PokeFinder-Bridging-Header.h"; sourceTree = "<group>"; };
/* End PBXFileReference section */

/* Begin PBXFrameworksBuildPhase section */
		F1635AF41F2860650051CD8C /* Frameworks */ = {
			isa = PBXFrameworksBuildPhase;
			buildActionMask = 2147483647;
			files = (
				EFEE9827D01A9E667B1E9044 /* Pods_PokeFinder.framework in Frameworks */,
			);
			runOnlyForDeploymentPostprocessing = 0;
		};
/* End PBXFrameworksBuildPhase section */

/* Begin PBXGroup section */
		20A4E88825CD40F659B7B4A1 /* Pods */ = {
			isa = PBXGroup;
			children = (
				382CE9C0516CFDAE1D2CD3B7 /* Pods-PokeFinder.debug.xcconfig */,
				A3BF45A4025B301B78967435 /* Pods-PokeFinder.release.xcconfig */,
			);
			name = Pods;
			sourceTree = "<group>";
		};
		9E564E4A8A53F8D7B9F6D519 /* Frameworks */ = {
			isa = PBXGroup;
			children = (
				06391BA7163D1CF3712BE2B4 /* Pods_PokeFinder.framework */,
			);
			name = Frameworks;
			sourceTree = "<group>";
		};
		F1635AEE1F2860650051CD8C = {
			isa = PBXGroup;
			children = (
				F1635AF91F2860650051CD8C /* PokeFinder */,
				F1635AF81F2860650051CD8C /* Products */,
				20A4E88825CD40F659B7B4A1 /* Pods */,
				9E564E4A8A53F8D7B9F6D519 /* Frameworks */,
			);
			sourceTree = "<group>";
		};
		F1635AF81F2860650051CD8C /* Products */ = {
			isa = PBXGroup;
			children = (
				F1635AF71F2860650051CD8C /* PokeFinder.app */,
			);
			name = Products;
			sourceTree = "<group>";
		};
		F1635AF91F2860650051CD8C /* PokeFinder */ = {
			isa = PBXGroup;
			children = (
				F1DD3BA11F2867A5000114A4 /* GeoFire */,
				F1635B0C1F28607C0051CD8C /* GoogleService-Info.plist */,
				F1635AFA1F2860650051CD8C /* AppDelegate.swift */,
				F1635AFC1F2860650051CD8C /* ViewController.swift */,
				F1635AFE1F2860650051CD8C /* Main.storyboard */,
				F1635B011F2860650051CD8C /* Assets.xcassets */,
				F1635B031F2860650051CD8C /* LaunchScreen.storyboard */,
				F1635B061F2860650051CD8C /* Info.plist */,
				F1DD3BBA1F286B1F000114A4 /* PokeFinder-Bridging-Header.h */,
			);
			path = PokeFinder;
			sourceTree = "<group>";
		};
		F1DD3BA11F2867A5000114A4 /* GeoFire */ = {
			isa = PBXGroup;
			children = (
				F1DD3BA21F2867A5000114A4 /* API */,
				F1DD3BA71F2867A5000114A4 /* GeoFire-Prefix.pch */,
				F1DD3BA81F2867A5000114A4 /* Implementation */,
			);
			path = GeoFire;
			sourceTree = "<group>";
		};
		F1DD3BA21F2867A5000114A4 /* API */ = {
			isa = PBXGroup;
			children = (
				F1DD3BA31F2867A5000114A4 /* GeoFire.h */,
				F1DD3BA41F2867A5000114A4 /* GFCircleQuery.h */,
				F1DD3BA51F2867A5000114A4 /* GFQuery.h */,
				F1DD3BA61F2867A5000114A4 /* GFRegionQuery.h */,
			);
			path = API;
			sourceTree = "<group>";
		};
		F1DD3BA81F2867A5000114A4 /* Implementation */ = {
			isa = PBXGroup;
			children = (
				F1DD3BA91F2867A5000114A4 /* GeoFire+Private.h */,
				F1DD3BAA1F2867A5000114A4 /* GeoFire.m */,
				F1DD3BAB1F2867A5000114A4 /* GFBase32Utils.h */,
				F1DD3BAC1F2867A5000114A4 /* GFBase32Utils.m */,
				F1DD3BAD1F2867A5000114A4 /* GFGeoHash.h */,
				F1DD3BAE1F2867A5000114A4 /* GFGeoHash.m */,
				F1DD3BAF1F2867A5000114A4 /* GFGeoHashQuery.h */,
				F1DD3BB01F2867A5000114A4 /* GFGeoHashQuery.m */,
				F1DD3BB11F2867A5000114A4 /* GFQuery+Private.h */,
				F1DD3BB21F2867A5000114A4 /* GFQuery.m */,
			);
			path = Implementation;
			sourceTree = "<group>";
		};
/* End PBXGroup section */

/* Begin PBXNativeTarget section */
		F1635AF61F2860650051CD8C /* PokeFinder */ = {
			isa = PBXNativeTarget;
			buildConfigurationList = F1635B091F2860650051CD8C /* Build configuration list for PBXNativeTarget "PokeFinder" */;
			buildPhases = (
				DFE846C721AA68C76E2F12B6 /* [CP] Check Pods Manifest.lock */,
				F1635AF31F2860650051CD8C /* Sources */,
				F1635AF41F2860650051CD8C /* Frameworks */,
				F1635AF51F2860650051CD8C /* Resources */,
				491438F9C728E459412F8831 /* [CP] Embed Pods Frameworks */,
				62E9A9A848D9C3AEA15D15E7 /* [CP] Copy Pods Resources */,
			);
			buildRules = (
			);
			dependencies = (
			);
			name = PokeFinder;
			productName = PokeFinder;
			productReference = F1635AF71F2860650051CD8C /* PokeFinder.app */;
			productType = "com.apple.product-type.application";
		};
/* End PBXNativeTarget section */

/* Begin PBXProject section */
		F1635AEF1F2860650051CD8C /* Project object */ = {
			isa = PBXProject;
			attributes = {
				LastSwiftUpdateCheck = 0800;
				LastUpgradeCheck = 0800;
				ORGANIZATIONNAME = "Caroline Davis";
				TargetAttributes = {
					F1635AF61F2860650051CD8C = {
						CreatedOnToolsVersion = 8.0;
						DevelopmentTeam = 2UNXUT4D3C;
						ProvisioningStyle = Automatic;
					};
				};
			};
			buildConfigurationList = F1635AF21F2860650051CD8C /* Build configuration list for PBXProject "PokeFinder" */;
			compatibilityVersion = "Xcode 3.2";
			developmentRegion = English;
			hasScannedForEncodings = 0;
			knownRegions = (
				en,
				Base,
			);
			mainGroup = F1635AEE1F2860650051CD8C;
			productRefGroup = F1635AF81F2860650051CD8C /* Products */;
			projectDirPath = "";
			projectRoot = "";
			targets = (
				F1635AF61F2860650051CD8C /* PokeFinder */,
			);
		};
/* End PBXProject section */

/* Begin PBXResourcesBuildPhase section */
		F1635AF51F2860650051CD8C /* Resources */ = {
			isa = PBXResourcesBuildPhase;
			buildActionMask = 2147483647;
			files = (
				F1635B051F2860650051CD8C /* LaunchScreen.storyboard in Resources */,
				F1635B0D1F28607C0051CD8C /* GoogleService-Info.plist in Resources */,
				F1635B021F2860650051CD8C /* Assets.xcassets in Resources */,
				F1635B001F2860650051CD8C /* Main.storyboard in Resources */,
			);
			runOnlyForDeploymentPostprocessing = 0;
		};
/* End PBXResourcesBuildPhase section */

/* Begin PBXShellScriptBuildPhase section */
		491438F9C728E459412F8831 /* [CP] Embed Pods Frameworks */ = {
			isa = PBXShellScriptBuildPhase;
			buildActionMask = 2147483647;
			files = (
			);
			inputPaths = (
			);
			name = "[CP] Embed Pods Frameworks";
			outputPaths = (
			);
			runOnlyForDeploymentPostprocessing = 0;
			shellPath = /bin/sh;
			shellScript = "\"${SRCROOT}/Pods/Target Support Files/Pods-PokeFinder/Pods-PokeFinder-frameworks.sh\"\n";
			showEnvVarsInLog = 0;
		};
		62E9A9A848D9C3AEA15D15E7 /* [CP] Copy Pods Resources */ = {
			isa = PBXShellScriptBuildPhase;
			buildActionMask = 2147483647;
			files = (
			);
			inputPaths = (
			);
			name = "[CP] Copy Pods Resources";
			outputPaths = (
			);
			runOnlyForDeploymentPostprocessing = 0;
			shellPath = /bin/sh;
			shellScript = "\"${SRCROOT}/Pods/Target Support Files/Pods-PokeFinder/Pods-PokeFinder-resources.sh\"\n";
			showEnvVarsInLog = 0;
		};
		DFE846C721AA68C76E2F12B6 /* [CP] Check Pods Manifest.lock */ = {
			isa = PBXShellScriptBuildPhase;
			buildActionMask = 2147483647;
			files = (
			);
			inputPaths = (
			);
			name = "[CP] Check Pods Manifest.lock";
			outputPaths = (
			);
			runOnlyForDeploymentPostprocessing = 0;
			shellPath = /bin/sh;
			shellScript = "diff \"${PODS_PODFILE_DIR_PATH}/Podfile.lock\" \"${PODS_ROOT}/Manifest.lock\" > /dev/null\nif [ $? != 0 ] ; then\n    # print error to STDERR\n    echo \"error: The sandbox is not in sync with the Podfile.lock. Run 'pod install' or update your CocoaPods installation.\" >&2\n    exit 1\nfi\n";
			showEnvVarsInLog = 0;
		};
/* End PBXShellScriptBuildPhase section */

/* Begin PBXSourcesBuildPhase section */
		F1635AF31F2860650051CD8C /* Sources */ = {
			isa = PBXSourcesBuildPhase;
			buildActionMask = 2147483647;
			files = (
				F1DD3BB41F2867A5000114A4 /* GFBase32Utils.m in Sources */,
				F1635AFD1F2860650051CD8C /* ViewController.swift in Sources */,
				F1DD3BB51F2867A5000114A4 /* GFGeoHash.m in Sources */,
				F1635AFB1F2860650051CD8C /* AppDelegate.swift in Sources */,
				F1DD3BB31F2867A5000114A4 /* GeoFire.m in Sources */,
				F1DD3BB61F2867A5000114A4 /* GFGeoHashQuery.m in Sources */,
				F1DD3BB71F2867A5000114A4 /* GFQuery.m in Sources */,
			);
			runOnlyForDeploymentPostprocessing = 0;
		};
/* End PBXSourcesBuildPhase section */

/* Begin PBXVariantGroup section */
		F1635AFE1F2860650051CD8C /* Main.storyboard */ = {
			isa = PBXVariantGroup;
			children = (
				F1635AFF1F2860650051CD8C /* Base */,
			);
			name = Main.storyboard;
			sourceTree = "<group>";
		};
		F1635B031F2860650051CD8C /* LaunchScreen.storyboard */ = {
			isa = PBXVariantGroup;
			children = (
				F1635B041F2860650051CD8C /* Base */,
			);
			name = LaunchScreen.storyboard;
			sourceTree = "<group>";
		};
/* End PBXVariantGroup section */

/* Begin XCBuildConfiguration section */
		F1635B071F2860650051CD8C /* Debug */ = {
			isa = XCBuildConfiguration;
			buildSettings = {
				ALWAYS_SEARCH_USER_PATHS = NO;
				CLANG_ANALYZER_NONNULL = YES;
				CLANG_CXX_LANGUAGE_STANDARD = "gnu++0x";
				CLANG_CXX_LIBRARY = "libc++";
				CLANG_ENABLE_MODULES = YES;
				CLANG_ENABLE_OBJC_ARC = YES;
				CLANG_WARN_BOOL_CONVERSION = YES;
				CLANG_WARN_CONSTANT_CONVERSION = YES;
				CLANG_WARN_DIRECT_OBJC_ISA_USAGE = YES_ERROR;
				CLANG_WARN_DOCUMENTATION_COMMENTS = YES;
				CLANG_WARN_EMPTY_BODY = YES;
				CLANG_WARN_ENUM_CONVERSION = YES;
				CLANG_WARN_INFINITE_RECURSION = YES;
				CLANG_WARN_INT_CONVERSION = YES;
				CLANG_WARN_OBJC_ROOT_CLASS = YES_ERROR;
				CLANG_WARN_SUSPICIOUS_MOVES = YES;
				CLANG_WARN_UNREACHABLE_CODE = YES;
				CLANG_WARN__DUPLICATE_METHOD_MATCH = YES;
				"CODE_SIGN_IDENTITY[sdk=iphoneos*]" = "iPhone Developer";
				COPY_PHASE_STRIP = NO;
				DEBUG_INFORMATION_FORMAT = dwarf;
				ENABLE_STRICT_OBJC_MSGSEND = YES;
				ENABLE_TESTABILITY = YES;
				GCC_C_LANGUAGE_STANDARD = gnu99;
				GCC_DYNAMIC_NO_PIC = NO;
				GCC_NO_COMMON_BLOCKS = YES;
				GCC_OPTIMIZATION_LEVEL = 0;
				GCC_PREPROCESSOR_DEFINITIONS = (
					"DEBUG=1",
					"$(inherited)",
				);
				GCC_WARN_64_TO_32_BIT_CONVERSION = YES;
				GCC_WARN_ABOUT_RETURN_TYPE = YES_ERROR;
				GCC_WARN_UNDECLARED_SELECTOR = YES;
				GCC_WARN_UNINITIALIZED_AUTOS = YES_AGGRESSIVE;
				GCC_WARN_UNUSED_FUNCTION = YES;
				GCC_WARN_UNUSED_VARIABLE = YES;
				IPHONEOS_DEPLOYMENT_TARGET = 10.0;
				MTL_ENABLE_DEBUG_INFO = YES;
				ONLY_ACTIVE_ARCH = YES;
				SDKROOT = iphoneos;
				SWIFT_ACTIVE_COMPILATION_CONDITIONS = DEBUG;
				SWIFT_OPTIMIZATION_LEVEL = "-Onone";
				TARGETED_DEVICE_FAMILY = "1,2";
			};
			name = Debug;
		};
		F1635B081F2860650051CD8C /* Release */ = {
			isa = XCBuildConfiguration;
			buildSettings = {
				ALWAYS_SEARCH_USER_PATHS = NO;
				CLANG_ANALYZER_NONNULL = YES;
				CLANG_CXX_LANGUAGE_STANDARD = "gnu++0x";
				CLANG_CXX_LIBRARY = "libc++";
				CLANG_ENABLE_MODULES = YES;
				CLANG_ENABLE_OBJC_ARC = YES;
				CLANG_WARN_BOOL_CONVERSION = YES;
				CLANG_WARN_CONSTANT_CONVERSION = YES;
				CLANG_WARN_DIRECT_OBJC_ISA_USAGE = YES_ERROR;
				CLANG_WARN_DOCUMENTATION_COMMENTS = YES;
				CLANG_WARN_EMPTY_BODY = YES;
				CLANG_WARN_ENUM_CONVERSION = YES;
				CLANG_WARN_INFINITE_RECURSION = YES;
				CLANG_WARN_INT_CONVERSION = YES;
				CLANG_WARN_OBJC_ROOT_CLASS = YES_ERROR;
				CLANG_WARN_SUSPICIOUS_MOVES = YES;
				CLANG_WARN_UNREACHABLE_CODE = YES;
				CLANG_WARN__DUPLICATE_METHOD_MATCH = YES;
				"CODE_SIGN_IDENTITY[sdk=iphoneos*]" = "iPhone Developer";
				COPY_PHASE_STRIP = NO;
				DEBUG_INFORMATION_FORMAT = "dwarf-with-dsym";
				ENABLE_NS_ASSERTIONS = NO;
				ENABLE_STRICT_OBJC_MSGSEND = YES;
				GCC_C_LANGUAGE_STANDARD = gnu99;
				GCC_NO_COMMON_BLOCKS = YES;
				GCC_WARN_64_TO_32_BIT_CONVERSION = YES;
				GCC_WARN_ABOUT_RETURN_TYPE = YES_ERROR;
				GCC_WARN_UNDECLARED_SELECTOR = YES;
				GCC_WARN_UNINITIALIZED_AUTOS = YES_AGGRESSIVE;
				GCC_WARN_UNUSED_FUNCTION = YES;
				GCC_WARN_UNUSED_VARIABLE = YES;
				IPHONEOS_DEPLOYMENT_TARGET = 10.0;
				MTL_ENABLE_DEBUG_INFO = NO;
				SDKROOT = iphoneos;
				SWIFT_OPTIMIZATION_LEVEL = "-Owholemodule";
				TARGETED_DEVICE_FAMILY = "1,2";
				VALIDATE_PRODUCT = YES;
			};
			name = Release;
		};
		F1635B0A1F2860650051CD8C /* Debug */ = {
			isa = XCBuildConfiguration;
			baseConfigurationReference = 382CE9C0516CFDAE1D2CD3B7 /* Pods-PokeFinder.debug.xcconfig */;
			buildSettings = {
				ASSETCATALOG_COMPILER_APPICON_NAME = AppIcon;
				DEVELOPMENT_TEAM = 2UNXUT4D3C;
				INFOPLIST_FILE = PokeFinder/Info.plist;
				LD_RUNPATH_SEARCH_PATHS = "$(inherited) @executable_path/Frameworks";
				PRODUCT_BUNDLE_IDENTIFIER = com.carolinedavis.PokeFinder;
				PRODUCT_NAME = "$(TARGET_NAME)";
				SWIFT_OBJC_BRIDGING_HEADER = "PokeFinder/PokeFinder-Bridging-Header.h";
				SWIFT_VERSION = 3.0;
			};
			name = Debug;
		};
		F1635B0B1F2860650051CD8C /* Release */ = {
			isa = XCBuildConfiguration;
			baseConfigurationReference = A3BF45A4025B301B78967435 /* Pods-PokeFinder.release.xcconfig */;
			buildSettings = {
				ASSETCATALOG_COMPILER_APPICON_NAME = AppIcon;
				DEVELOPMENT_TEAM = 2UNXUT4D3C;
				INFOPLIST_FILE = PokeFinder/Info.plist;
				LD_RUNPATH_SEARCH_PATHS = "$(inherited) @executable_path/Frameworks";
				PRODUCT_BUNDLE_IDENTIFIER = com.carolinedavis.PokeFinder;
				PRODUCT_NAME = "$(TARGET_NAME)";
				SWIFT_OBJC_BRIDGING_HEADER = "PokeFinder/PokeFinder-Bridging-Header.h";
				SWIFT_VERSION = 3.0;
			};
			name = Release;
		};
/* End XCBuildConfiguration section */

/* Begin XCConfigurationList section */
		F1635AF21F2860650051CD8C /* Build configuration list for PBXProject "PokeFinder" */ = {
			isa = XCConfigurationList;
			buildConfigurations = (
				F1635B071F2860650051CD8C /* Debug */,
				F1635B081F2860650051CD8C /* Release */,
			);
			defaultConfigurationIsVisible = 0;
			defaultConfigurationName = Release;
		};
		F1635B091F2860650051CD8C /* Build configuration list for PBXNativeTarget "PokeFinder" */ = {
			isa = XCConfigurationList;
			buildConfigurations = (
				F1635B0A1F2860650051CD8C /* Debug */,
				F1635B0B1F2860650051CD8C /* Release */,
			);
			defaultConfigurationIsVisible = 0;
			defaultConfigurationName = Release;
		};
/* End XCConfigurationList section */
	};
	rootObject = F1635AEF1F2860650051CD8C /* Project object */;
}
